
Microsoft Visual Studio Solution File, Format Version 12.00
# Visual Studio Version 17
VisualStudioVersion = 17.12.35527.113 d17.12
MinimumVisualStudioVersion = 10.0.40219.1
Project("{FAE04EC0-301F-11D3-BF4B-00C04F79EFBC}") = "ReactCoreApp.Server", "ReactCoreApp.Server\ReactCoreApp.Server.csproj", "{20EB8441-BA29-4E5B-9C49-0383FA998DDE}"
EndProject
Project("{54A90642-561A-4BB1-A94E-469ADEE60C69}") = "reactcoreapp.client", "reactcoreapp.client\reactcoreapp.client.esproj", "{01EDD38D-F9C4-420D-86E8-E5FCBEB4C465}"
EndProject
Global
	GlobalSection(SolutionConfigurationPlatforms) = preSolution
		Debug|Any CPU = Debug|Any CPU
		Release|Any CPU = Release|Any CPU
	EndGlobalSection
	GlobalSection(ProjectConfigurationPlatforms) = postSolution
		{20EB8441-BA29-4E5B-9C49-0383FA998DDE}.Debug|Any CPU.ActiveCfg = Debug|Any CPU
		{20EB8441-BA29-4E5B-9C49-0383FA998DDE}.Debug|Any CPU.Build.0 = Debug|Any CPU
		{20EB8441-BA29-4E5B-9C49-0383FA998DDE}.Release|Any CPU.ActiveCfg = Release|Any CPU
		{20EB8441-BA29-4E5B-9C49-0383FA998DDE}.Release|Any CPU.Build.0 = Release|Any CPU
		{01EDD38D-F9C4-420D-86E8-E5FCBEB4C465}.Debug|Any CPU.ActiveCfg = Debug|Any CPU
		{01EDD38D-F9C4-420D-86E8-E5FCBEB4C465}.Debug|Any CPU.Build.0 = Debug|Any CPU
		{01EDD38D-F9C4-420D-86E8-E5FCBEB4C465}.Debug|Any CPU.Deploy.0 = Debug|Any CPU
		{01EDD38D-F9C4-420D-86E8-E5FCBEB4C465}.Release|Any CPU.ActiveCfg = Release|Any CPU
		{01EDD38D-F9C4-420D-86E8-E5FCBEB4C465}.Release|Any CPU.Build.0 = Release|Any CPU
		{01EDD38D-F9C4-420D-86E8-E5FCBEB4C465}.Release|Any CPU.Deploy.0 = Release|Any CPU
	EndGlobalSection
	GlobalSection(SolutionProperties) = preSolution
		HideSolutionNode = FALSE
	EndGlobalSection
EndGlobal
